
Microsoft Visual Studio Solution File, Format Version 12.00
# Visual Studio Version 16
VisualStudioVersion = 25.0.1706.5
MinimumVisualStudioVersion = 10.0.40219.1
Project("{FAE04EC0-301F-11D3-BF4B-00C04F79EFBC}") = "Collector", "Collector\Collector.csproj", "{514B2C08-2D28-4A6D-9D2C-6D3BA7DDEA8F}"
EndProject
Project("{FAE04EC0-301F-11D3-BF4B-00C04F79EFBC}") = "Calculator", "Calculator\Calculator.csproj", "{B8DD12E8-0BA1-4689-ADDB-B79E66C964C0}"
EndProject
Project("{FAE04EC0-301F-11D3-BF4B-00C04F79EFBC}") = "SharedModels", "SharedModels\SharedModels.csproj", "{D671FCD4-32F0-4B70-A668-58BE4F0E01BD}"
EndProject
Project("{FAE04EC0-301F-11D3-BF4B-00C04F79EFBC}") = "UserInterface", "UserInterface\UserInterface.csproj", "{7F374CB4-111F-4D60-9B82-37A80915B538}"
EndProject
Project("{FAE04EC0-301F-11D3-BF4B-00C04F79EFBC}") = "Monitoring", "Monitoring\Monitoring.csproj", "{2320F2F3-D7DD-40AD-B0F0-A39B5B271C4A}"
EndProject
Global
	GlobalSection(SolutionConfigurationPlatforms) = preSolution
		Debug|Any CPU = Debug|Any CPU
		Release|Any CPU = Release|Any CPU
	EndGlobalSection
	GlobalSection(ProjectConfigurationPlatforms) = postSolution
		{514B2C08-2D28-4A6D-9D2C-6D3BA7DDEA8F}.Debug|Any CPU.ActiveCfg = Debug|Any CPU
		{514B2C08-2D28-4A6D-9D2C-6D3BA7DDEA8F}.Debug|Any CPU.Build.0 = Debug|Any CPU
		{514B2C08-2D28-4A6D-9D2C-6D3BA7DDEA8F}.Release|Any CPU.ActiveCfg = Release|Any CPU
		{514B2C08-2D28-4A6D-9D2C-6D3BA7DDEA8F}.Release|Any CPU.Build.0 = Release|Any CPU
		{B8DD12E8-0BA1-4689-ADDB-B79E66C964C0}.Debug|Any CPU.ActiveCfg = Debug|Any CPU
		{B8DD12E8-0BA1-4689-ADDB-B79E66C964C0}.Debug|Any CPU.Build.0 = Debug|Any CPU
		{B8DD12E8-0BA1-4689-ADDB-B79E66C964C0}.Release|Any CPU.ActiveCfg = Release|Any CPU
		{B8DD12E8-0BA1-4689-ADDB-B79E66C964C0}.Release|Any CPU.Build.0 = Release|Any CPU
		{D671FCD4-32F0-4B70-A668-58BE4F0E01BD}.Debug|Any CPU.ActiveCfg = Debug|Any CPU
		{D671FCD4-32F0-4B70-A668-58BE4F0E01BD}.Debug|Any CPU.Build.0 = Debug|Any CPU
		{D671FCD4-32F0-4B70-A668-58BE4F0E01BD}.Release|Any CPU.ActiveCfg = Release|Any CPU
		{D671FCD4-32F0-4B70-A668-58BE4F0E01BD}.Release|Any CPU.Build.0 = Release|Any CPU
		{7F374CB4-111F-4D60-9B82-37A80915B538}.Debug|Any CPU.ActiveCfg = Debug|Any CPU
		{7F374CB4-111F-4D60-9B82-37A80915B538}.Debug|Any CPU.Build.0 = Debug|Any CPU
		{7F374CB4-111F-4D60-9B82-37A80915B538}.Release|Any CPU.ActiveCfg = Release|Any CPU
		{7F374CB4-111F-4D60-9B82-37A80915B538}.Release|Any CPU.Build.0 = Release|Any CPU
		{2320F2F3-D7DD-40AD-B0F0-A39B5B271C4A}.Debug|Any CPU.ActiveCfg = Debug|Any CPU
		{2320F2F3-D7DD-40AD-B0F0-A39B5B271C4A}.Debug|Any CPU.Build.0 = Debug|Any CPU
		{2320F2F3-D7DD-40AD-B0F0-A39B5B271C4A}.Release|Any CPU.ActiveCfg = Release|Any CPU
		{2320F2F3-D7DD-40AD-B0F0-A39B5B271C4A}.Release|Any CPU.Build.0 = Release|Any CPU
	EndGlobalSection
	GlobalSection(SolutionProperties) = preSolution
		HideSolutionNode = FALSE
	EndGlobalSection
	GlobalSection(ExtensibilityGlobals) = postSolution
		SolutionGuid = {AE4E5988-700C-4C36-83DB-97D6B894A7B2}
	EndGlobalSection
EndGlobal
